// !$*UTF8*$!
{
	archiveVersion = 1;
	classes = {
	};
	objectVersion = 48;
	objects = {

/* Begin PBXBuildFile section */
		7516FE33B59964859F11E28A /* Pods_pixel_city.framework in Frameworks */ = {isa = PBXBuildFile; fileRef = 3C89406496B57459BD511CDC /* Pods_pixel_city.framework */; };
		B4EB55C120842F3F006B6DBF /* AppDelegate.swift in Sources */ = {isa = PBXBuildFile; fileRef = B4EB55C020842F3F006B6DBF /* AppDelegate.swift */; };
		B4EB55C320842F3F006B6DBF /* MapVC.swift in Sources */ = {isa = PBXBuildFile; fileRef = B4EB55C220842F3F006B6DBF /* MapVC.swift */; };
		B4EB55C620842F3F006B6DBF /* Main.storyboard in Resources */ = {isa = PBXBuildFile; fileRef = B4EB55C420842F3F006B6DBF /* Main.storyboard */; };
		B4EB55C820842F3F006B6DBF /* Assets.xcassets in Resources */ = {isa = PBXBuildFile; fileRef = B4EB55C720842F3F006B6DBF /* Assets.xcassets */; };
		B4EB55CB20842F3F006B6DBF /* LaunchScreen.storyboard in Resources */ = {isa = PBXBuildFile; fileRef = B4EB55C920842F3F006B6DBF /* LaunchScreen.storyboard */; };
		B4EB55D820844A77006B6DBF /* DroppablePin.swift in Sources */ = {isa = PBXBuildFile; fileRef = B4EB55D720844A77006B6DBF /* DroppablePin.swift */; };
		B4EB55DA20845901006B6DBF /* PhotoCell.swift in Sources */ = {isa = PBXBuildFile; fileRef = B4EB55D920845901006B6DBF /* PhotoCell.swift */; };
		B4EB55DC20858CC5006B6DBF /* Constants.swift in Sources */ = {isa = PBXBuildFile; fileRef = B4EB55DB20858CC5006B6DBF /* Constants.swift */; };
		B4EB55DE2085A2CA006B6DBF /* PopVC.swift in Sources */ = {isa = PBXBuildFile; fileRef = B4EB55DD2085A2CA006B6DBF /* PopVC.swift */; };
/* End PBXBuildFile section */

/* Begin PBXFileReference section */
		3C89406496B57459BD511CDC /* Pods_pixel_city.framework */ = {isa = PBXFileReference; explicitFileType = wrapper.framework; includeInIndex = 0; path = Pods_pixel_city.framework; sourceTree = BUILT_PRODUCTS_DIR; };
		618B218A1A8716BB7F936D4E /* Pods-pixel-city.debug.xcconfig */ = {isa = PBXFileReference; includeInIndex = 1; lastKnownFileType = text.xcconfig; name = "Pods-pixel-city.debug.xcconfig"; path = "Pods/Target Support Files/Pods-pixel-city/Pods-pixel-city.debug.xcconfig"; sourceTree = "<group>"; };
		B4EB55BD20842F3F006B6DBF /* pixel-city.app */ = {isa = PBXFileReference; explicitFileType = wrapper.application; includeInIndex = 0; path = "pixel-city.app"; sourceTree = BUILT_PRODUCTS_DIR; };
		B4EB55C020842F3F006B6DBF /* AppDelegate.swift */ = {isa = PBXFileReference; lastKnownFileType = sourcecode.swift; path = AppDelegate.swift; sourceTree = "<group>"; };
		B4EB55C220842F3F006B6DBF /* MapVC.swift */ = {isa = PBXFileReference; lastKnownFileType = sourcecode.swift; path = MapVC.swift; sourceTree = "<group>"; };
		B4EB55C520842F3F006B6DBF /* Base */ = {isa = PBXFileReference; lastKnownFileType = file.storyboard; name = Base; path = Base.lproj/Main.storyboard; sourceTree = "<group>"; };
		B4EB55C720842F3F006B6DBF /* Assets.xcassets */ = {isa = PBXFileReference; lastKnownFileType = folder.assetcatalog; path = Assets.xcassets; sourceTree = "<group>"; };
		B4EB55CA20842F3F006B6DBF /* Base */ = {isa = PBXFileReference; lastKnownFileType = file.storyboard; name = Base; path = Base.lproj/LaunchScreen.storyboard; sourceTree = "<group>"; };
		B4EB55CC20842F3F006B6DBF /* Info.plist */ = {isa = PBXFileReference; lastKnownFileType = text.plist.xml; path = Info.plist; sourceTree = "<group>"; };
		B4EB55D720844A77006B6DBF /* DroppablePin.swift */ = {isa = PBXFileReference; lastKnownFileType = sourcecode.swift; path = DroppablePin.swift; sourceTree = "<group>"; };
		B4EB55D920845901006B6DBF /* PhotoCell.swift */ = {isa = PBXFileReference; lastKnownFileType = sourcecode.swift; path = PhotoCell.swift; sourceTree = "<group>"; };
		B4EB55DB20858CC5006B6DBF /* Constants.swift */ = {isa = PBXFileReference; lastKnownFileType = sourcecode.swift; path = Constants.swift; sourceTree = "<group>"; };
		B4EB55DD2085A2CA006B6DBF /* PopVC.swift */ = {isa = PBXFileReference; lastKnownFileType = sourcecode.swift; path = PopVC.swift; sourceTree = "<group>"; };
		D73BC68A7A300F94EC8FBA4B /* Pods-pixel-city.release.xcconfig */ = {isa = PBXFileReference; includeInIndex = 1; lastKnownFileType = text.xcconfig; name = "Pods-pixel-city.release.xcconfig"; path = "Pods/Target Support Files/Pods-pixel-city/Pods-pixel-city.release.xcconfig"; sourceTree = "<group>"; };
/* End PBXFileReference section */

/* Begin PBXFrameworksBuildPhase section */
		B4EB55BA20842F3F006B6DBF /* Frameworks */ = {
			isa = PBXFrameworksBuildPhase;
			buildActionMask = 2147483647;
			files = (
				7516FE33B59964859F11E28A /* Pods_pixel_city.framework in Frameworks */,
			);
			runOnlyForDeploymentPostprocessing = 0;
		};
/* End PBXFrameworksBuildPhase section */

/* Begin PBXGroup section */
		48FE6CD8835767E241725CBE /* Frameworks */ = {
			isa = PBXGroup;
			children = (
				3C89406496B57459BD511CDC /* Pods_pixel_city.framework */,
			);
			name = Frameworks;
			sourceTree = "<group>";
		};
		4A3C429237B9E460BE5C612B /* Pods */ = {
			isa = PBXGroup;
			children = (
				618B218A1A8716BB7F936D4E /* Pods-pixel-city.debug.xcconfig */,
				D73BC68A7A300F94EC8FBA4B /* Pods-pixel-city.release.xcconfig */,
			);
			name = Pods;
			sourceTree = "<group>";
		};
		B4EB55B420842F3F006B6DBF = {
			isa = PBXGroup;
			children = (
				B4EB55BF20842F3F006B6DBF /* pixel-city */,
				B4EB55BE20842F3F006B6DBF /* Products */,
				4A3C429237B9E460BE5C612B /* Pods */,
				48FE6CD8835767E241725CBE /* Frameworks */,
			);
			sourceTree = "<group>";
		};
		B4EB55BE20842F3F006B6DBF /* Products */ = {
			isa = PBXGroup;
			children = (
				B4EB55BD20842F3F006B6DBF /* pixel-city.app */,
			);
			name = Products;
			sourceTree = "<group>";
		};
		B4EB55BF20842F3F006B6DBF /* pixel-city */ = {
			isa = PBXGroup;
			children = (
				B4EB55D620842F9B006B6DBF /* Utilities */,
				B4EB55D520842F8F006B6DBF /* Extensions */,
				B4EB55D220842F6C006B6DBF /* Model */,
				B4EB55D420842F78006B6DBF /* View */,
				B4EB55D320842F73006B6DBF /* Controller */,
				B4EB55C020842F3F006B6DBF /* AppDelegate.swift */,
				B4EB55C420842F3F006B6DBF /* Main.storyboard */,
				B4EB55C720842F3F006B6DBF /* Assets.xcassets */,
				B4EB55C920842F3F006B6DBF /* LaunchScreen.storyboard */,
				B4EB55CC20842F3F006B6DBF /* Info.plist */,
			);
			path = "pixel-city";
			sourceTree = "<group>";
		};
		B4EB55D220842F6C006B6DBF /* Model */ = {
			isa = PBXGroup;
			children = (
			);
			path = Model;
			sourceTree = "<group>";
		};
		B4EB55D320842F73006B6DBF /* Controller */ = {
			isa = PBXGroup;
			children = (
				B4EB55C220842F3F006B6DBF /* MapVC.swift */,
				B4EB55DD2085A2CA006B6DBF /* PopVC.swift */,
			);
			path = Controller;
			sourceTree = "<group>";
		};
		B4EB55D420842F78006B6DBF /* View */ = {
			isa = PBXGroup;
			children = (
				B4EB55D720844A77006B6DBF /* DroppablePin.swift */,
				B4EB55D920845901006B6DBF /* PhotoCell.swift */,
			);
			path = View;
			sourceTree = "<group>";
		};
		B4EB55D520842F8F006B6DBF /* Extensions */ = {
			isa = PBXGroup;
			children = (
			);
			path = Extensions;
			sourceTree = "<group>";
		};
		B4EB55D620842F9B006B6DBF /* Utilities */ = {
			isa = PBXGroup;
			children = (
				B4EB55DB20858CC5006B6DBF /* Constants.swift */,
			);
			path = Utilities;
			sourceTree = "<group>";
		};
/* End PBXGroup section */

/* Begin PBXNativeTarget section */
		B4EB55BC20842F3F006B6DBF /* pixel-city */ = {
			isa = PBXNativeTarget;
			buildConfigurationList = B4EB55CF20842F3F006B6DBF /* Build configuration list for PBXNativeTarget "pixel-city" */;
			buildPhases = (
				0A7E549A1EB597A309C584C4 /* [CP] Check Pods Manifest.lock */,
				B4EB55B920842F3F006B6DBF /* Sources */,
				B4EB55BA20842F3F006B6DBF /* Frameworks */,
				B4EB55BB20842F3F006B6DBF /* Resources */,
				0AB75889C9F3E59A8A6670CF /* [CP] Embed Pods Frameworks */,
			);
			buildRules = (
			);
			dependencies = (
			);
			name = "pixel-city";
			productName = "pixel-city";
			productReference = B4EB55BD20842F3F006B6DBF /* pixel-city.app */;
			productType = "com.apple.product-type.application";
		};
/* End PBXNativeTarget section */

/* Begin PBXProject section */
		B4EB55B520842F3F006B6DBF /* Project object */ = {
			isa = PBXProject;
			attributes = {
				LastSwiftUpdateCheck = 0920;
				LastUpgradeCheck = 0920;
				ORGANIZATIONNAME = "Brenno Ribeiro";
				TargetAttributes = {
					B4EB55BC20842F3F006B6DBF = {
						CreatedOnToolsVersion = 9.2;
						ProvisioningStyle = Automatic;
					};
				};
			};
			buildConfigurationList = B4EB55B820842F3F006B6DBF /* Build configuration list for PBXProject "pixel-city" */;
			compatibilityVersion = "Xcode 8.0";
			developmentRegion = en;
			hasScannedForEncodings = 0;
			knownRegions = (
				en,
				Base,
			);
			mainGroup = B4EB55B420842F3F006B6DBF;
			productRefGroup = B4EB55BE20842F3F006B6DBF /* Products */;
			projectDirPath = "";
			projectRoot = "";
			targets = (
				B4EB55BC20842F3F006B6DBF /* pixel-city */,
			);
		};
/* End PBXProject section */

/* Begin PBXResourcesBuildPhase section */
		B4EB55BB20842F3F006B6DBF /* Resources */ = {
			isa = PBXResourcesBuildPhase;
			buildActionMask = 2147483647;
			files = (
				B4EB55CB20842F3F006B6DBF /* LaunchScreen.storyboard in Resources */,
				B4EB55C820842F3F006B6DBF /* Assets.xcassets in Resources */,
				B4EB55C620842F3F006B6DBF /* Main.storyboard in Resources */,
			);
			runOnlyForDeploymentPostprocessing = 0;
		};
/* End PBXResourcesBuildPhase section */

/* Begin PBXShellScriptBuildPhase section */
		0A7E549A1EB597A309C584C4 /* [CP] Check Pods Manifest.lock */ = {
			isa = PBXShellScriptBuildPhase;
			buildActionMask = 2147483647;
			files = (
			);
			inputPaths = (
				"${PODS_PODFILE_DIR_PATH}/Podfile.lock",
				"${PODS_ROOT}/Manifest.lock",
			);
			name = "[CP] Check Pods Manifest.lock";
			outputPaths = (
				"$(DERIVED_FILE_DIR)/Pods-pixel-city-checkManifestLockResult.txt",
			);
			runOnlyForDeploymentPostprocessing = 0;
			shellPath = /bin/sh;
			shellScript = "diff \"${PODS_PODFILE_DIR_PATH}/Podfile.lock\" \"${PODS_ROOT}/Manifest.lock\" > /dev/null\nif [ $? != 0 ] ; then\n    # print error to STDERR\n    echo \"error: The sandbox is not in sync with the Podfile.lock. Run 'pod install' or update your CocoaPods installation.\" >&2\n    exit 1\nfi\n# This output is used by Xcode 'outputs' to avoid re-running this script phase.\necho \"SUCCESS\" > \"${SCRIPT_OUTPUT_FILE_0}\"\n";
			showEnvVarsInLog = 0;
		};
		0AB75889C9F3E59A8A6670CF /* [CP] Embed Pods Frameworks */ = {
			isa = PBXShellScriptBuildPhase;
			buildActionMask = 2147483647;
			files = (
			);
			inputPaths = (
				"${SRCROOT}/Pods/Target Support Files/Pods-pixel-city/Pods-pixel-city-frameworks.sh",
				"${BUILT_PRODUCTS_DIR}/Alamofire/Alamofire.framework",
				"${BUILT_PRODUCTS_DIR}/AlamofireImage/AlamofireImage.framework",
			);
			name = "[CP] Embed Pods Frameworks";
			outputPaths = (
				"${TARGET_BUILD_DIR}/${FRAMEWORKS_FOLDER_PATH}/Alamofire.framework",
				"${TARGET_BUILD_DIR}/${FRAMEWORKS_FOLDER_PATH}/AlamofireImage.framework",
			);
			runOnlyForDeploymentPostprocessing = 0;
			shellPath = /bin/sh;
			shellScript = "\"${SRCROOT}/Pods/Target Support Files/Pods-pixel-city/Pods-pixel-city-frameworks.sh\"\n";
			showEnvVarsInLog = 0;
		};
/* End PBXShellScriptBuildPhase section */

/* Begin PBXSourcesBuildPhase section */
		B4EB55B920842F3F006B6DBF /* Sources */ = {
			isa = PBXSourcesBuildPhase;
			buildActionMask = 2147483647;
			files = (
				B4EB55DE2085A2CA006B6DBF /* PopVC.swift in Sources */,
				B4EB55DC20858CC5006B6DBF /* Constants.swift in Sources */,
				B4EB55DA20845901006B6DBF /* PhotoCell.swift in Sources */,
				B4EB55C320842F3F006B6DBF /* MapVC.swift in Sources */,
				B4EB55D820844A77006B6DBF /* DroppablePin.swift in Sources */,
				B4EB55C120842F3F006B6DBF /* AppDelegate.swift in Sources */,
			);
			runOnlyForDeploymentPostprocessing = 0;
		};
/* End PBXSourcesBuildPhase section */

/* Begin PBXVariantGroup section */
		B4EB55C420842F3F006B6DBF /* Main.storyboard */ = {
			isa = PBXVariantGroup;
			children = (
				B4EB55C520842F3F006B6DBF /* Base */,
			);
			name = Main.storyboard;
			sourceTree = "<group>";
		};
		B4EB55C920842F3F006B6DBF /* LaunchScreen.storyboard */ = {
			isa = PBXVariantGroup;
			children = (
				B4EB55CA20842F3F006B6DBF /* Base */,
			);
			name = LaunchScreen.storyboard;
			sourceTree = "<group>";
		};
/* End PBXVariantGroup section */

/* Begin XCBuildConfiguration section */
		B4EB55CD20842F3F006B6DBF /* Debug */ = {
			isa = XCBuildConfiguration;
			buildSettings = {
				ALWAYS_SEARCH_USER_PATHS = NO;
				CLANG_ANALYZER_NONNULL = YES;
				CLANG_ANALYZER_NUMBER_OBJECT_CONVERSION = YES_AGGRESSIVE;
				CLANG_CXX_LANGUAGE_STANDARD = "gnu++14";
				CLANG_CXX_LIBRARY = "libc++";
				CLANG_ENABLE_MODULES = YES;
				CLANG_ENABLE_OBJC_ARC = YES;
				CLANG_WARN_BLOCK_CAPTURE_AUTORELEASING = YES;
				CLANG_WARN_BOOL_CONVERSION = YES;
				CLANG_WARN_COMMA = YES;
				CLANG_WARN_CONSTANT_CONVERSION = YES;
				CLANG_WARN_DIRECT_OBJC_ISA_USAGE = YES_ERROR;
				CLANG_WARN_DOCUMENTATION_COMMENTS = YES;
				CLANG_WARN_EMPTY_BODY = YES;
				CLANG_WARN_ENUM_CONVERSION = YES;
				CLANG_WARN_INFINITE_RECURSION = YES;
				CLANG_WARN_INT_CONVERSION = YES;
				CLANG_WARN_NON_LITERAL_NULL_CONVERSION = YES;
				CLANG_WARN_OBJC_LITERAL_CONVERSION = YES;
				CLANG_WARN_OBJC_ROOT_CLASS = YES_ERROR;
				CLANG_WARN_RANGE_LOOP_ANALYSIS = YES;
				CLANG_WARN_STRICT_PROTOTYPES = YES;
				CLANG_WARN_SUSPICIOUS_MOVE = YES;
				CLANG_WARN_UNGUARDED_AVAILABILITY = YES_AGGRESSIVE;
				CLANG_WARN_UNREACHABLE_CODE = YES;
				CLANG_WARN__DUPLICATE_METHOD_MATCH = YES;
				CODE_SIGN_IDENTITY = "iPhone Developer";
				COPY_PHASE_STRIP = NO;
				DEBUG_INFORMATION_FORMAT = dwarf;
				ENABLE_STRICT_OBJC_MSGSEND = YES;
				ENABLE_TESTABILITY = YES;
				GCC_C_LANGUAGE_STANDARD = gnu11;
				GCC_DYNAMIC_NO_PIC = NO;
				GCC_NO_COMMON_BLOCKS = YES;
				GCC_OPTIMIZATION_LEVEL = 0;
				GCC_PREPROCESSOR_DEFINITIONS = (
					"DEBUG=1",
					"$(inherited)",
				);
				GCC_WARN_64_TO_32_BIT_CONVERSION = YES;
				GCC_WARN_ABOUT_RETURN_TYPE = YES_ERROR;
				GCC_WARN_UNDECLARED_SELECTOR = YES;
				GCC_WARN_UNINITIALIZED_AUTOS = YES_AGGRESSIVE;
				GCC_WARN_UNUSED_FUNCTION = YES;
				GCC_WARN_UNUSED_VARIABLE = YES;
				IPHONEOS_DEPLOYMENT_TARGET = 11.2;
				MTL_ENABLE_DEBUG_INFO = YES;
				ONLY_ACTIVE_ARCH = YES;
				SDKROOT = iphoneos;
				SWIFT_ACTIVE_COMPILATION_CONDITIONS = DEBUG;
				SWIFT_OPTIMIZATION_LEVEL = "-Onone";
			};
			name = Debug;
		};
		B4EB55CE20842F3F006B6DBF /* Release */ = {
			isa = XCBuildConfiguration;
			buildSettings = {
				ALWAYS_SEARCH_USER_PATHS = NO;
				CLANG_ANALYZER_NONNULL = YES;
				CLANG_ANALYZER_NUMBER_OBJECT_CONVERSION = YES_AGGRESSIVE;
				CLANG_CXX_LANGUAGE_STANDARD = "gnu++14";
				CLANG_CXX_LIBRARY = "libc++";
				CLANG_ENABLE_MODULES = YES;
				CLANG_ENABLE_OBJC_ARC = YES;
				CLANG_WARN_BLOCK_CAPTURE_AUTORELEASING = YES;
				CLANG_WARN_BOOL_CONVERSION = YES;
				CLANG_WARN_COMMA = YES;
				CLANG_WARN_CONSTANT_CONVERSION = YES;
				CLANG_WARN_DIRECT_OBJC_ISA_USAGE = YES_ERROR;
				CLANG_WARN_DOCUMENTATION_COMMENTS = YES;
				CLANG_WARN_EMPTY_BODY = YES;
				CLANG_WARN_ENUM_CONVERSION = YES;
				CLANG_WARN_INFINITE_RECURSION = YES;
				CLANG_WARN_INT_CONVERSION = YES;
				CLANG_WARN_NON_LITERAL_NULL_CONVERSION = YES;
				CLANG_WARN_OBJC_LITERAL_CONVERSION = YES;
				CLANG_WARN_OBJC_ROOT_CLASS = YES_ERROR;
				CLANG_WARN_RANGE_LOOP_ANALYSIS = YES;
				CLANG_WARN_STRICT_PROTOTYPES = YES;
				CLANG_WARN_SUSPICIOUS_MOVE = YES;
				CLANG_WARN_UNGUARDED_AVAILABILITY = YES_AGGRESSIVE;
				CLANG_WARN_UNREACHABLE_CODE = YES;
				CLANG_WARN__DUPLICATE_METHOD_MATCH = YES;
				CODE_SIGN_IDENTITY = "iPhone Developer";
				COPY_PHASE_STRIP = NO;
				DEBUG_INFORMATION_FORMAT = "dwarf-with-dsym";
				ENABLE_NS_ASSERTIONS = NO;
				ENABLE_STRICT_OBJC_MSGSEND = YES;
				GCC_C_LANGUAGE_STANDARD = gnu11;
				GCC_NO_COMMON_BLOCKS = YES;
				GCC_WARN_64_TO_32_BIT_CONVERSION = YES;
				GCC_WARN_ABOUT_RETURN_TYPE = YES_ERROR;
				GCC_WARN_UNDECLARED_SELECTOR = YES;
				GCC_WARN_UNINITIALIZED_AUTOS = YES_AGGRESSIVE;
				GCC_WARN_UNUSED_FUNCTION = YES;
				GCC_WARN_UNUSED_VARIABLE = YES;
				IPHONEOS_DEPLOYMENT_TARGET = 11.2;
				MTL_ENABLE_DEBUG_INFO = NO;
				SDKROOT = iphoneos;
				SWIFT_OPTIMIZATION_LEVEL = "-Owholemodule";
				VALIDATE_PRODUCT = YES;
			};
			name = Release;
		};
		B4EB55D020842F3F006B6DBF /* Debug */ = {
			isa = XCBuildConfiguration;
			baseConfigurationReference = 618B218A1A8716BB7F936D4E /* Pods-pixel-city.debug.xcconfig */;
			buildSettings = {
				ASSETCATALOG_COMPILER_APPICON_NAME = AppIcon;
				CODE_SIGN_STYLE = Automatic;
				DEVELOPMENT_TEAM = E34J4LB4TF;
				INFOPLIST_FILE = "pixel-city/Info.plist";
				LD_RUNPATH_SEARCH_PATHS = "$(inherited) @executable_path/Frameworks";
				PRODUCT_BUNDLE_IDENTIFIER = "com.brennoribeiro.pixel-city";
				PRODUCT_NAME = "$(TARGET_NAME)";
				SWIFT_VERSION = 4.0;
				TARGETED_DEVICE_FAMILY = "1,2";
			};
			name = Debug;
		};
		B4EB55D120842F3F006B6DBF /* Release */ = {
			isa = XCBuildConfiguration;
			baseConfigurationReference = D73BC68A7A300F94EC8FBA4B /* Pods-pixel-city.release.xcconfig */;
			buildSettings = {
				ASSETCATALOG_COMPILER_APPICON_NAME = AppIcon;
				CODE_SIGN_STYLE = Automatic;
				DEVELOPMENT_TEAM = E34J4LB4TF;
				INFOPLIST_FILE = "pixel-city/Info.plist";
				LD_RUNPATH_SEARCH_PATHS = "$(inherited) @executable_path/Frameworks";
				PRODUCT_BUNDLE_IDENTIFIER = "com.brennoribeiro.pixel-city";
				PRODUCT_NAME = "$(TARGET_NAME)";
				SWIFT_VERSION = 4.0;
				TARGETED_DEVICE_FAMILY = "1,2";
			};
			name = Release;
		};
/* End XCBuildConfiguration section */

/* Begin XCConfigurationList section */
		B4EB55B820842F3F006B6DBF /* Build configuration list for PBXProject "pixel-city" */ = {
			isa = XCConfigurationList;
			buildConfigurations = (
				B4EB55CD20842F3F006B6DBF /* Debug */,
				B4EB55CE20842F3F006B6DBF /* Release */,
			);
			defaultConfigurationIsVisible = 0;
			defaultConfigurationName = Release;
		};
		B4EB55CF20842F3F006B6DBF /* Build configuration list for PBXNativeTarget "pixel-city" */ = {
			isa = XCConfigurationList;
			buildConfigurations = (
				B4EB55D020842F3F006B6DBF /* Debug */,
				B4EB55D120842F3F006B6DBF /* Release */,
			);
			defaultConfigurationIsVisible = 0;
			defaultConfigurationName = Release;
		};
/* End XCConfigurationList section */
	};
	rootObject = B4EB55B520842F3F006B6DBF /* Project object */;
}
